// !$*UTF8*$!
{
	archiveVersion = 1;
	classes = {
	};
	objectVersion = 50;
	objects = {

/* Begin PBXBuildFile section */
		272AB10422B129E7000D7D4F /* dingwrong.wav in Resources */ = {isa = PBXBuildFile; fileRef = 272AB10022B129E7000D7D4F /* dingwrong.wav */; };
		272AB10522B129E7000D7D4F /* shuffle.wav in Resources */ = {isa = PBXBuildFile; fileRef = 272AB10122B129E7000D7D4F /* shuffle.wav */; };
		272AB10622B129E7000D7D4F /* cardflip.wav in Resources */ = {isa = PBXBuildFile; fileRef = 272AB10222B129E7000D7D4F /* cardflip.wav */; };
		272AB10722B129E7000D7D4F /* dingcorrect.wav in Resources */ = {isa = PBXBuildFile; fileRef = 272AB10322B129E7000D7D4F /* dingcorrect.wav */; };
		272AB10A22B12FCD000D7D4F /* AVFoundation.framework in Frameworks */ = {isa = PBXBuildFile; fileRef = 272AB10922B12FCD000D7D4F /* AVFoundation.framework */; };
		272AB10C22B1302D000D7D4F /* SoundManager.swift in Sources */ = {isa = PBXBuildFile; fileRef = 272AB10B22B1302D000D7D4F /* SoundManager.swift */; };
		274CFA092271FDEA00B38F92 /* CardModel.swift in Sources */ = {isa = PBXBuildFile; fileRef = 274CFA082271FDEA00B38F92 /* CardModel.swift */; };
		274CFA0B2272079C00B38F92 /* Card.swift in Sources */ = {isa = PBXBuildFile; fileRef = 274CFA0A2272079C00B38F92 /* Card.swift */; };
		274CFA0D22720B6100B38F92 /* CardCollectionViewCell.swift in Sources */ = {isa = PBXBuildFile; fileRef = 274CFA0C22720B6100B38F92 /* CardCollectionViewCell.swift */; };
		27853EF7226FAB2900B563F1 /* AppDelegate.swift in Sources */ = {isa = PBXBuildFile; fileRef = 27853EF6226FAB2900B563F1 /* AppDelegate.swift */; };
		27853EF9226FAB2900B563F1 /* ViewController.swift in Sources */ = {isa = PBXBuildFile; fileRef = 27853EF8226FAB2900B563F1 /* ViewController.swift */; };
		27853EFC226FAB2900B563F1 /* Main.storyboard in Resources */ = {isa = PBXBuildFile; fileRef = 27853EFA226FAB2900B563F1 /* Main.storyboard */; };
		27853EFE226FAB2A00B563F1 /* Assets.xcassets in Resources */ = {isa = PBXBuildFile; fileRef = 27853EFD226FAB2A00B563F1 /* Assets.xcassets */; };
		27853F01226FAB2A00B563F1 /* LaunchScreen.storyboard in Resources */ = {isa = PBXBuildFile; fileRef = 27853EFF226FAB2A00B563F1 /* LaunchScreen.storyboard */; };
/* End PBXBuildFile section */

/* Begin PBXFileReference section */
		272AB10022B129E7000D7D4F /* dingwrong.wav */ = {isa = PBXFileReference; lastKnownFileType = audio.wav; path = dingwrong.wav; sourceTree = "<group>"; };
		272AB10122B129E7000D7D4F /* shuffle.wav */ = {isa = PBXFileReference; lastKnownFileType = audio.wav; path = shuffle.wav; sourceTree = "<group>"; };
		272AB10222B129E7000D7D4F /* cardflip.wav */ = {isa = PBXFileReference; lastKnownFileType = audio.wav; path = cardflip.wav; sourceTree = "<group>"; };
		272AB10322B129E7000D7D4F /* dingcorrect.wav */ = {isa = PBXFileReference; lastKnownFileType = audio.wav; path = dingcorrect.wav; sourceTree = "<group>"; };
		272AB10922B12FCD000D7D4F /* AVFoundation.framework */ = {isa = PBXFileReference; lastKnownFileType = wrapper.framework; name = AVFoundation.framework; path = System/Library/Frameworks/AVFoundation.framework; sourceTree = SDKROOT; };
		272AB10B22B1302D000D7D4F /* SoundManager.swift */ = {isa = PBXFileReference; lastKnownFileType = sourcecode.swift; path = SoundManager.swift; sourceTree = "<group>"; };
		274CFA082271FDEA00B38F92 /* CardModel.swift */ = {isa = PBXFileReference; lastKnownFileType = sourcecode.swift; path = CardModel.swift; sourceTree = "<group>"; };
		274CFA0A2272079C00B38F92 /* Card.swift */ = {isa = PBXFileReference; lastKnownFileType = sourcecode.swift; path = Card.swift; sourceTree = "<group>"; };
		274CFA0C22720B6100B38F92 /* CardCollectionViewCell.swift */ = {isa = PBXFileReference; lastKnownFileType = sourcecode.swift; path = CardCollectionViewCell.swift; sourceTree = "<group>"; };
		27853EF3226FAB2900B563F1 /* match app.app */ = {isa = PBXFileReference; explicitFileType = wrapper.application; includeInIndex = 0; path = "match app.app"; sourceTree = BUILT_PRODUCTS_DIR; };
		27853EF6226FAB2900B563F1 /* AppDelegate.swift */ = {isa = PBXFileReference; lastKnownFileType = sourcecode.swift; path = AppDelegate.swift; sourceTree = "<group>"; };
		27853EF8226FAB2900B563F1 /* ViewController.swift */ = {isa = PBXFileReference; lastKnownFileType = sourcecode.swift; path = ViewController.swift; sourceTree = "<group>"; };
		27853EFB226FAB2900B563F1 /* Base */ = {isa = PBXFileReference; lastKnownFileType = file.storyboard; name = Base; path = Base.lproj/Main.storyboard; sourceTree = "<group>"; };
		27853EFD226FAB2A00B563F1 /* Assets.xcassets */ = {isa = PBXFileReference; lastKnownFileType = folder.assetcatalog; path = Assets.xcassets; sourceTree = "<group>"; };
		27853F00226FAB2A00B563F1 /* Base */ = {isa = PBXFileReference; lastKnownFileType = file.storyboard; name = Base; path = Base.lproj/LaunchScreen.storyboard; sourceTree = "<group>"; };
		27853F02226FAB2A00B563F1 /* Info.plist */ = {isa = PBXFileReference; lastKnownFileType = text.plist.xml; path = Info.plist; sourceTree = "<group>"; };
/* End PBXFileReference section */

/* Begin PBXFrameworksBuildPhase section */
		27853EF0226FAB2900B563F1 /* Frameworks */ = {
			isa = PBXFrameworksBuildPhase;
			buildActionMask = 2147483647;
			files = (
				272AB10A22B12FCD000D7D4F /* AVFoundation.framework in Frameworks */,
			);
			runOnlyForDeploymentPostprocessing = 0;
		};
/* End PBXFrameworksBuildPhase section */

/* Begin PBXGroup section */
		272AB0FF22B129AA000D7D4F /* sounds */ = {
			isa = PBXGroup;
			children = (
				272AB10222B129E7000D7D4F /* cardflip.wav */,
				272AB10322B129E7000D7D4F /* dingcorrect.wav */,
				272AB10022B129E7000D7D4F /* dingwrong.wav */,
				272AB10122B129E7000D7D4F /* shuffle.wav */,
			);
			path = sounds;
			sourceTree = "<group>";
		};
		272AB10822B12FCD000D7D4F /* Frameworks */ = {
			isa = PBXGroup;
			children = (
				272AB10922B12FCD000D7D4F /* AVFoundation.framework */,
			);
			name = Frameworks;
			sourceTree = "<group>";
		};
		27853EEA226FAB2900B563F1 = {
			isa = PBXGroup;
			children = (
				27853EF5226FAB2900B563F1 /* match app */,
				27853EF4226FAB2900B563F1 /* Products */,
				272AB10822B12FCD000D7D4F /* Frameworks */,
			);
			sourceTree = "<group>";
		};
		27853EF4226FAB2900B563F1 /* Products */ = {
			isa = PBXGroup;
			children = (
				27853EF3226FAB2900B563F1 /* match app.app */,
			);
			name = Products;
			sourceTree = "<group>";
		};
		27853EF5226FAB2900B563F1 /* match app */ = {
			isa = PBXGroup;
			children = (
				272AB0FF22B129AA000D7D4F /* sounds */,
				27853EF6226FAB2900B563F1 /* AppDelegate.swift */,
				27853EF8226FAB2900B563F1 /* ViewController.swift */,
				274CFA082271FDEA00B38F92 /* CardModel.swift */,
				274CFA0A2272079C00B38F92 /* Card.swift */,
				274CFA0C22720B6100B38F92 /* CardCollectionViewCell.swift */,
				27853EFA226FAB2900B563F1 /* Main.storyboard */,
				27853EFD226FAB2A00B563F1 /* Assets.xcassets */,
				27853EFF226FAB2A00B563F1 /* LaunchScreen.storyboard */,
				27853F02226FAB2A00B563F1 /* Info.plist */,
				272AB10B22B1302D000D7D4F /* SoundManager.swift */,
			);
			path = "match app";
			sourceTree = "<group>";
		};
/* End PBXGroup section */

/* Begin PBXNativeTarget section */
		27853EF2226FAB2900B563F1 /* match app */ = {
			isa = PBXNativeTarget;
			buildConfigurationList = 27853F05226FAB2A00B563F1 /* Build configuration list for PBXNativeTarget "match app" */;
			buildPhases = (
				27853EEF226FAB2900B563F1 /* Sources */,
				27853EF0226FAB2900B563F1 /* Frameworks */,
				27853EF1226FAB2900B563F1 /* Resources */,
			);
			buildRules = (
			);
			dependencies = (
			);
			name = "match app";
			productName = "match app";
			productReference = 27853EF3226FAB2900B563F1 /* match app.app */;
			productType = "com.apple.product-type.application";
		};
/* End PBXNativeTarget section */

/* Begin PBXProject section */
		27853EEB226FAB2900B563F1 /* Project object */ = {
			isa = PBXProject;
			attributes = {
				LastSwiftUpdateCheck = 1010;
				LastUpgradeCheck = 1010;
				ORGANIZATIONNAME = "Vannia Alfaro alfaro";
				TargetAttributes = {
					27853EF2226FAB2900B563F1 = {
						CreatedOnToolsVersion = 10.1;
					};
				};
			};
			buildConfigurationList = 27853EEE226FAB2900B563F1 /* Build configuration list for PBXProject "match app" */;
			compatibilityVersion = "Xcode 9.3";
			developmentRegion = en;
			hasScannedForEncodings = 0;
			knownRegions = (
				en,
				Base,
			);
			mainGroup = 27853EEA226FAB2900B563F1;
			productRefGroup = 27853EF4226FAB2900B563F1 /* Products */;
			projectDirPath = "";
			projectRoot = "";
			targets = (
				27853EF2226FAB2900B563F1 /* match app */,
			);
		};
/* End PBXProject section */

/* Begin PBXResourcesBuildPhase section */
		27853EF1226FAB2900B563F1 /* Resources */ = {
			isa = PBXResourcesBuildPhase;
			buildActionMask = 2147483647;
			files = (
				272AB10422B129E7000D7D4F /* dingwrong.wav in Resources */,
				27853F01226FAB2A00B563F1 /* LaunchScreen.storyboard in Resources */,
				27853EFE226FAB2A00B563F1 /* Assets.xcassets in Resources */,
				27853EFC226FAB2900B563F1 /* Main.storyboard in Resources */,
				272AB10522B129E7000D7D4F /* shuffle.wav in Resources */,
				272AB10722B129E7000D7D4F /* dingcorrect.wav in Resources */,
				272AB10622B129E7000D7D4F /* cardflip.wav in Resources */,
			);
			runOnlyForDeploymentPostprocessing = 0;
		};
/* End PBXResourcesBuildPhase section */

/* Begin PBXSourcesBuildPhase section */
		27853EEF226FAB2900B563F1 /* Sources */ = {
			isa = PBXSourcesBuildPhase;
			buildActionMask = 2147483647;
			files = (
				27853EF9226FAB2900B563F1 /* ViewController.swift in Sources */,
				27853EF7226FAB2900B563F1 /* AppDelegate.swift in Sources */,
				274CFA092271FDEA00B38F92 /* CardModel.swift in Sources */,
				274CFA0D22720B6100B38F92 /* CardCollectionViewCell.swift in Sources */,
				274CFA0B2272079C00B38F92 /* Card.swift in Sources */,
				272AB10C22B1302D000D7D4F /* SoundManager.swift in Sources */,
			);
			runOnlyForDeploymentPostprocessing = 0;
		};
/* End PBXSourcesBuildPhase section */

/* Begin PBXVariantGroup section */
		27853EFA226FAB2900B563F1 /* Main.storyboard */ = {
			isa = PBXVariantGroup;
			children = (
				27853EFB226FAB2900B563F1 /* Base */,
			);
			name = Main.storyboard;
			sourceTree = "<group>";
		};
		27853EFF226FAB2A00B563F1 /* LaunchScreen.storyboard */ = {
			isa = PBXVariantGroup;
			children = (
				27853F00226FAB2A00B563F1 /* Base */,
			);
			name = LaunchScreen.storyboard;
			sourceTree = "<group>";
		};
/* End PBXVariantGroup section */

/* Begin XCBuildConfiguration section */
		27853F03226FAB2A00B563F1 /* Debug */ = {
			isa = XCBuildConfiguration;
			buildSettings = {
				ALWAYS_SEARCH_USER_PATHS = NO;
				CLANG_ANALYZER_NONNULL = YES;
				CLANG_ANALYZER_NUMBER_OBJECT_CONVERSION = YES_AGGRESSIVE;
				CLANG_CXX_LANGUAGE_STANDARD = "gnu++14";
				CLANG_CXX_LIBRARY = "libc++";
				CLANG_ENABLE_MODULES = YES;
				CLANG_ENABLE_OBJC_ARC = YES;
				CLANG_ENABLE_OBJC_WEAK = YES;
				CLANG_WARN_BLOCK_CAPTURE_AUTORELEASING = YES;
				CLANG_WARN_BOOL_CONVERSION = YES;
				CLANG_WARN_COMMA = YES;
				CLANG_WARN_CONSTANT_CONVERSION = YES;
				CLANG_WARN_DEPRECATED_OBJC_IMPLEMENTATIONS = YES;
				CLANG_WARN_DIRECT_OBJC_ISA_USAGE = YES_ERROR;
				CLANG_WARN_DOCUMENTATION_COMMENTS = YES;
				CLANG_WARN_EMPTY_BODY = YES;
				CLANG_WARN_ENUM_CONVERSION = YES;
				CLANG_WARN_INFINITE_RECURSION = YES;
				CLANG_WARN_INT_CONVERSION = YES;
				CLANG_WARN_NON_LITERAL_NULL_CONVERSION = YES;
				CLANG_WARN_OBJC_IMPLICIT_RETAIN_SELF = YES;
				CLANG_WARN_OBJC_LITERAL_CONVERSION = YES;
				CLANG_WARN_OBJC_ROOT_CLASS = YES_ERROR;
				CLANG_WARN_RANGE_LOOP_ANALYSIS = YES;
				CLANG_WARN_STRICT_PROTOTYPES = YES;
				CLANG_WARN_SUSPICIOUS_MOVE = YES;
				CLANG_WARN_UNGUARDED_AVAILABILITY = YES_AGGRESSIVE;
				CLANG_WARN_UNREACHABLE_CODE = YES;
				CLANG_WARN__DUPLICATE_METHOD_MATCH = YES;
				CODE_SIGN_IDENTITY = "iPhone Developer";
				COPY_PHASE_STRIP = NO;
				DEBUG_INFORMATION_FORMAT = dwarf;
				ENABLE_STRICT_OBJC_MSGSEND = YES;
				ENABLE_TESTABILITY = YES;
				GCC_C_LANGUAGE_STANDARD = gnu11;
				GCC_DYNAMIC_NO_PIC = NO;
				GCC_NO_COMMON_BLOCKS = YES;
				GCC_OPTIMIZATION_LEVEL = 0;
				GCC_PREPROCESSOR_DEFINITIONS = (
					"DEBUG=1",
					"$(inherited)",
				);
				GCC_WARN_64_TO_32_BIT_CONVERSION = YES;
				GCC_WARN_ABOUT_RETURN_TYPE = YES_ERROR;
				GCC_WARN_UNDECLARED_SELECTOR = YES;
				GCC_WARN_UNINITIALIZED_AUTOS = YES_AGGRESSIVE;
				GCC_WARN_UNUSED_FUNCTION = YES;
				GCC_WARN_UNUSED_VARIABLE = YES;
				IPHONEOS_DEPLOYMENT_TARGET = 12.1;
				MTL_ENABLE_DEBUG_INFO = INCLUDE_SOURCE;
				MTL_FAST_MATH = YES;
				ONLY_ACTIVE_ARCH = YES;
				SDKROOT = iphoneos;
				SWIFT_ACTIVE_COMPILATION_CONDITIONS = DEBUG;
				SWIFT_OPTIMIZATION_LEVEL = "-Onone";
			};
			name = Debug;
		};
		27853F04226FAB2A00B563F1 /* Release */ = {
			isa = XCBuildConfiguration;
			buildSettings = {
				ALWAYS_SEARCH_USER_PATHS = NO;
				CLANG_ANALYZER_NONNULL = YES;
				CLANG_ANALYZER_NUMBER_OBJECT_CONVERSION = YES_AGGRESSIVE;
				CLANG_CXX_LANGUAGE_STANDARD = "gnu++14";
				CLANG_CXX_LIBRARY = "libc++";
				CLANG_ENABLE_MODULES = YES;
				CLANG_ENABLE_OBJC_ARC = YES;
				CLANG_ENABLE_OBJC_WEAK = YES;
				CLANG_WARN_BLOCK_CAPTURE_AUTORELEASING = YES;
				CLANG_WARN_BOOL_CONVERSION = YES;
				CLANG_WARN_COMMA = YES;
				CLANG_WARN_CONSTANT_CONVERSION = YES;
				CLANG_WARN_DEPRECATED_OBJC_IMPLEMENTATIONS = YES;
				CLANG_WARN_DIRECT_OBJC_ISA_USAGE = YES_ERROR;
				CLANG_WARN_DOCUMENTATION_COMMENTS = YES;
				CLANG_WARN_EMPTY_BODY = YES;
				CLANG_WARN_ENUM_CONVERSION = YES;
				CLANG_WARN_INFINITE_RECURSION = YES;
				CLANG_WARN_INT_CONVERSION = YES;
				CLANG_WARN_NON_LITERAL_NULL_CONVERSION = YES;
				CLANG_WARN_OBJC_IMPLICIT_RETAIN_SELF = YES;
				CLANG_WARN_OBJC_LITERAL_CONVERSION = YES;
				CLANG_WARN_OBJC_ROOT_CLASS = YES_ERROR;
				CLANG_WARN_RANGE_LOOP_ANALYSIS = YES;
				CLANG_WARN_STRICT_PROTOTYPES = YES;
				CLANG_WARN_SUSPICIOUS_MOVE = YES;
				CLANG_WARN_UNGUARDED_AVAILABILITY = YES_AGGRESSIVE;
				CLANG_WARN_UNREACHABLE_CODE = YES;
				CLANG_WARN__DUPLICATE_METHOD_MATCH = YES;
				CODE_SIGN_IDENTITY = "iPhone Developer";
				COPY_PHASE_STRIP = NO;
				DEBUG_INFORMATION_FORMAT = "dwarf-with-dsym";
				ENABLE_NS_ASSERTIONS = NO;
				ENABLE_STRICT_OBJC_MSGSEND = YES;
				GCC_C_LANGUAGE_STANDARD = gnu11;
				GCC_NO_COMMON_BLOCKS = YES;
				GCC_WARN_64_TO_32_BIT_CONVERSION = YES;
				GCC_WARN_ABOUT_RETURN_TYPE = YES_ERROR;
				GCC_WARN_UNDECLARED_SELECTOR = YES;
				GCC_WARN_UNINITIALIZED_AUTOS = YES_AGGRESSIVE;
				GCC_WARN_UNUSED_FUNCTION = YES;
				GCC_WARN_UNUSED_VARIABLE = YES;
				IPHONEOS_DEPLOYMENT_TARGET = 12.1;
				MTL_ENABLE_DEBUG_INFO = NO;
				MTL_FAST_MATH = YES;
				SDKROOT = iphoneos;
				SWIFT_COMPILATION_MODE = wholemodule;
				SWIFT_OPTIMIZATION_LEVEL = "-O";
				VALIDATE_PRODUCT = YES;
			};
			name = Release;
		};
		27853F06226FAB2A00B563F1 /* Debug */ = {
			isa = XCBuildConfiguration;
			buildSettings = {
				ASSETCATALOG_COMPILER_APPICON_NAME = AppIcon;
				CODE_SIGN_STYLE = Automatic;
				DEVELOPMENT_TEAM = ZWZ62B2Z55;
				INFOPLIST_FILE = "match app/Info.plist";
				LD_RUNPATH_SEARCH_PATHS = (
					"$(inherited)",
					"@executable_path/Frameworks",
				);
				PRODUCT_BUNDLE_IDENTIFIER = "vannia.alfaro.match-app";
				PRODUCT_NAME = "$(TARGET_NAME)";
				SWIFT_VERSION = 4.2;
				TARGETED_DEVICE_FAMILY = "1,2";
			};
			name = Debug;
		};
		27853F07226FAB2A00B563F1 /* Release */ = {
			isa = XCBuildConfiguration;
			buildSettings = {
				ASSETCATALOG_COMPILER_APPICON_NAME = AppIcon;
				CODE_SIGN_STYLE = Automatic;
				DEVELOPMENT_TEAM = ZWZ62B2Z55;
				INFOPLIST_FILE = "match app/Info.plist";
				LD_RUNPATH_SEARCH_PATHS = (
					"$(inherited)",
					"@executable_path/Frameworks",
				);
				PRODUCT_BUNDLE_IDENTIFIER = "vannia.alfaro.match-app";
				PRODUCT_NAME = "$(TARGET_NAME)";
				SWIFT_VERSION = 4.2;
				TARGETED_DEVICE_FAMILY = "1,2";
			};
			name = Release;
		};
/* End XCBuildConfiguration section */

/* Begin XCConfigurationList section */
		27853EEE226FAB2900B563F1 /* Build configuration list for PBXProject "match app" */ = {
			isa = XCConfigurationList;
			buildConfigurations = (
				27853F03226FAB2A00B563F1 /* Debug */,
				27853F04226FAB2A00B563F1 /* Release */,
			);
			defaultConfigurationIsVisible = 0;
			defaultConfigurationName = Release;
		};
		27853F05226FAB2A00B563F1 /* Build configuration list for PBXNativeTarget "match app" */ = {
			isa = XCConfigurationList;
			buildConfigurations = (
				27853F06226FAB2A00B563F1 /* Debug */,
				27853F07226FAB2A00B563F1 /* Release */,
			);
			defaultConfigurationIsVisible = 0;
			defaultConfigurationName = Release;
		};
/* End XCConfigurationList section */
	};
	rootObject = 27853EEB226FAB2900B563F1 /* Project object */;
}
